// !$*UTF8*$!
{
	archiveVersion = 1;
	classes = {
	};
	objectVersion = 48;
	objects = {

/* Begin PBXBuildFile section */
		84111458211E02C80018FB94 /* MapViewController.swift in Sources */ = {isa = PBXBuildFile; fileRef = 84111457211E02C80018FB94 /* MapViewController.swift */; };
		8411145A211E046D0018FB94 /* Polygon.swift in Sources */ = {isa = PBXBuildFile; fileRef = 84111459211E046D0018FB94 /* Polygon.swift */; };
		841A18CF211B2E3100AA17B6 /* CountrySearch.swift in Sources */ = {isa = PBXBuildFile; fileRef = 841A18CE211B2E3100AA17B6 /* CountrySearch.swift */; };
		8491956921222C10003951F1 /* CurrencyRate.swift in Sources */ = {isa = PBXBuildFile; fileRef = 8491956821222C10003951F1 /* CurrencyRate.swift */; };
		84A220BD2121C54F00804FD6 /* Helper.swift in Sources */ = {isa = PBXBuildFile; fileRef = 84A220BC2121C54F00804FD6 /* Helper.swift */; };
		84A32F622117EDC100A475E6 /* Country.swift in Sources */ = {isa = PBXBuildFile; fileRef = 84A32F612117EDC000A475E6 /* Country.swift */; };
		84A95744212B6DE4004891D6 /* FlagTableViewCell.swift in Sources */ = {isa = PBXBuildFile; fileRef = 84A95743212B6DE4004891D6 /* FlagTableViewCell.swift */; };
		84C2E2BC2127865C00AAC25A /* DetailTableViewController.swift in Sources */ = {isa = PBXBuildFile; fileRef = 84C2E2BB2127865C00AAC25A /* DetailTableViewController.swift */; };
		84D9485A211748B9001921AC /* AppDelegate.swift in Sources */ = {isa = PBXBuildFile; fileRef = 84D94859211748B9001921AC /* AppDelegate.swift */; };
		84D9485F211748B9001921AC /* Main.storyboard in Resources */ = {isa = PBXBuildFile; fileRef = 84D9485D211748B9001921AC /* Main.storyboard */; };
		84D94861211748B9001921AC /* Assets.xcassets in Resources */ = {isa = PBXBuildFile; fileRef = 84D94860211748B9001921AC /* Assets.xcassets */; };
		84D94864211748B9001921AC /* LaunchScreen.storyboard in Resources */ = {isa = PBXBuildFile; fileRef = 84D94862211748B9001921AC /* LaunchScreen.storyboard */; };
		84E3BD4E211A45E600F0719C /* CountryFlagTableViewCell.swift in Sources */ = {isa = PBXBuildFile; fileRef = 84E3BD4D211A45E600F0719C /* CountryFlagTableViewCell.swift */; };
		84E3BD50211A4AD500F0719C /* CountriesConsts.swift in Sources */ = {isa = PBXBuildFile; fileRef = 84E3BD4F211A4AD500F0719C /* CountriesConsts.swift */; };
		84F76093212B017D00438E63 /* CountriesListViewController.swift in Sources */ = {isa = PBXBuildFile; fileRef = 84F76092212B017D00438E63 /* CountriesListViewController.swift */; };
		F80E02DA7A5692AF754305FE /* Pods_RestCountries.framework in Frameworks */ = {isa = PBXBuildFile; fileRef = 173BD28ED02D7C52BAE5A874 /* Pods_RestCountries.framework */; };
/* End PBXBuildFile section */

/* Begin PBXFileReference section */
		00931CA35FC2ACBFD7858DDF /* Pods-RestCountries.debug.xcconfig */ = {isa = PBXFileReference; includeInIndex = 1; lastKnownFileType = text.xcconfig; name = "Pods-RestCountries.debug.xcconfig"; path = "Pods/Target Support Files/Pods-RestCountries/Pods-RestCountries.debug.xcconfig"; sourceTree = "<group>"; };
		173BD28ED02D7C52BAE5A874 /* Pods_RestCountries.framework */ = {isa = PBXFileReference; explicitFileType = wrapper.framework; includeInIndex = 0; path = Pods_RestCountries.framework; sourceTree = BUILT_PRODUCTS_DIR; };
		18F7B1BFEC4C852559EA8ABE /* Pods-RestCountries.release.xcconfig */ = {isa = PBXFileReference; includeInIndex = 1; lastKnownFileType = text.xcconfig; name = "Pods-RestCountries.release.xcconfig"; path = "Pods/Target Support Files/Pods-RestCountries/Pods-RestCountries.release.xcconfig"; sourceTree = "<group>"; };
		84111457211E02C80018FB94 /* MapViewController.swift */ = {isa = PBXFileReference; lastKnownFileType = sourcecode.swift; path = MapViewController.swift; sourceTree = "<group>"; };
		84111459211E046D0018FB94 /* Polygon.swift */ = {isa = PBXFileReference; fileEncoding = 4; lastKnownFileType = sourcecode.swift; path = Polygon.swift; sourceTree = "<group>"; };
		841A18CE211B2E3100AA17B6 /* CountrySearch.swift */ = {isa = PBXFileReference; lastKnownFileType = sourcecode.swift; path = CountrySearch.swift; sourceTree = "<group>"; };
		8491956821222C10003951F1 /* CurrencyRate.swift */ = {isa = PBXFileReference; lastKnownFileType = sourcecode.swift; path = CurrencyRate.swift; sourceTree = "<group>"; };
		84A220BC2121C54F00804FD6 /* Helper.swift */ = {isa = PBXFileReference; lastKnownFileType = sourcecode.swift; path = Helper.swift; sourceTree = "<group>"; };
		84A32F612117EDC000A475E6 /* Country.swift */ = {isa = PBXFileReference; fileEncoding = 4; lastKnownFileType = sourcecode.swift; path = Country.swift; sourceTree = "<group>"; };
		84A95743212B6DE4004891D6 /* FlagTableViewCell.swift */ = {isa = PBXFileReference; lastKnownFileType = sourcecode.swift; path = FlagTableViewCell.swift; sourceTree = "<group>"; };
		84C2E2BB2127865C00AAC25A /* DetailTableViewController.swift */ = {isa = PBXFileReference; lastKnownFileType = sourcecode.swift; path = DetailTableViewController.swift; sourceTree = "<group>"; };
		84D94856211748B9001921AC /* RestCountries.app */ = {isa = PBXFileReference; explicitFileType = wrapper.application; includeInIndex = 0; path = RestCountries.app; sourceTree = BUILT_PRODUCTS_DIR; };
		84D94859211748B9001921AC /* AppDelegate.swift */ = {isa = PBXFileReference; lastKnownFileType = sourcecode.swift; path = AppDelegate.swift; sourceTree = "<group>"; };
		84D9485E211748B9001921AC /* Base */ = {isa = PBXFileReference; lastKnownFileType = file.storyboard; name = Base; path = Base.lproj/Main.storyboard; sourceTree = "<group>"; };
		84D94860211748B9001921AC /* Assets.xcassets */ = {isa = PBXFileReference; lastKnownFileType = folder.assetcatalog; path = Assets.xcassets; sourceTree = "<group>"; };
		84D94863211748B9001921AC /* Base */ = {isa = PBXFileReference; lastKnownFileType = file.storyboard; name = Base; path = Base.lproj/LaunchScreen.storyboard; sourceTree = "<group>"; };
		84D94865211748B9001921AC /* Info.plist */ = {isa = PBXFileReference; lastKnownFileType = text.plist.xml; path = Info.plist; sourceTree = "<group>"; };
		84E3BD4D211A45E600F0719C /* CountryFlagTableViewCell.swift */ = {isa = PBXFileReference; lastKnownFileType = sourcecode.swift; path = CountryFlagTableViewCell.swift; sourceTree = "<group>"; };
		84E3BD4F211A4AD500F0719C /* CountriesConsts.swift */ = {isa = PBXFileReference; lastKnownFileType = sourcecode.swift; path = CountriesConsts.swift; sourceTree = "<group>"; };
		84F76092212B017D00438E63 /* CountriesListViewController.swift */ = {isa = PBXFileReference; lastKnownFileType = sourcecode.swift; path = CountriesListViewController.swift; sourceTree = "<group>"; };
/* End PBXFileReference section */

/* Begin PBXFrameworksBuildPhase section */
		84D94853211748B9001921AC /* Frameworks */ = {
			isa = PBXFrameworksBuildPhase;
			buildActionMask = 2147483647;
			files = (
				F80E02DA7A5692AF754305FE /* Pods_RestCountries.framework in Frameworks */,
			);
			runOnlyForDeploymentPostprocessing = 0;
		};
/* End PBXFrameworksBuildPhase section */

/* Begin PBXGroup section */
		4E43271AEAF2CD122E7C214C /* Pods */ = {
			isa = PBXGroup;
			children = (
				00931CA35FC2ACBFD7858DDF /* Pods-RestCountries.debug.xcconfig */,
				18F7B1BFEC4C852559EA8ABE /* Pods-RestCountries.release.xcconfig */,
			);
			name = Pods;
			sourceTree = "<group>";
		};
		84D9484D211748B9001921AC = {
			isa = PBXGroup;
			children = (
				84D94858211748B9001921AC /* RestCountries */,
				84D94857211748B9001921AC /* Products */,
				4E43271AEAF2CD122E7C214C /* Pods */,
				B1A5C8B336F64D3E97824EED /* Frameworks */,
			);
			sourceTree = "<group>";
		};
		84D94857211748B9001921AC /* Products */ = {
			isa = PBXGroup;
			children = (
				84D94856211748B9001921AC /* RestCountries.app */,
			);
			name = Products;
			sourceTree = "<group>";
		};
		84D94858211748B9001921AC /* RestCountries */ = {
			isa = PBXGroup;
			children = (
				84D94859211748B9001921AC /* AppDelegate.swift */,
				84A32F612117EDC000A475E6 /* Country.swift */,
				84111459211E046D0018FB94 /* Polygon.swift */,
				84D9485D211748B9001921AC /* Main.storyboard */,
				84F76092212B017D00438E63 /* CountriesListViewController.swift */,
				84C2E2BB2127865C00AAC25A /* DetailTableViewController.swift */,
				84111457211E02C80018FB94 /* MapViewController.swift */,
				84D94860211748B9001921AC /* Assets.xcassets */,
				84D94862211748B9001921AC /* LaunchScreen.storyboard */,
				84D94865211748B9001921AC /* Info.plist */,
				84E3BD4D211A45E600F0719C /* CountryFlagTableViewCell.swift */,
				84E3BD4F211A4AD500F0719C /* CountriesConsts.swift */,
				841A18CE211B2E3100AA17B6 /* CountrySearch.swift */,
				84A220BC2121C54F00804FD6 /* Helper.swift */,
				8491956821222C10003951F1 /* CurrencyRate.swift */,
				84A95743212B6DE4004891D6 /* FlagTableViewCell.swift */,
			);
			path = RestCountries;
			sourceTree = "<group>";
		};
		B1A5C8B336F64D3E97824EED /* Frameworks */ = {
			isa = PBXGroup;
			children = (
				173BD28ED02D7C52BAE5A874 /* Pods_RestCountries.framework */,
			);
			name = Frameworks;
			sourceTree = "<group>";
		};
/* End PBXGroup section */

/* Begin PBXNativeTarget section */
		84D94855211748B9001921AC /* RestCountries */ = {
			isa = PBXNativeTarget;
			buildConfigurationList = 84D94868211748B9001921AC /* Build configuration list for PBXNativeTarget "RestCountries" */;
			buildPhases = (
				6828EAE0445AACB02E1424AD /* [CP] Check Pods Manifest.lock */,
				84D94852211748B9001921AC /* Sources */,
				84D94853211748B9001921AC /* Frameworks */,
				84D94854211748B9001921AC /* Resources */,
				A896F4EA1791C362081ACB6B /* [CP] Embed Pods Frameworks */,
			);
			buildRules = (
			);
			dependencies = (
			);
			name = RestCountries;
			productName = RestCountries;
			productReference = 84D94856211748B9001921AC /* RestCountries.app */;
			productType = "com.apple.product-type.application";
		};
/* End PBXNativeTarget section */

/* Begin PBXProject section */
		84D9484E211748B9001921AC /* Project object */ = {
			isa = PBXProject;
			attributes = {
				LastSwiftUpdateCheck = 0920;
				LastUpgradeCheck = 0920;
				ORGANIZATIONNAME = Admin;
				TargetAttributes = {
					84D94855211748B9001921AC = {
						CreatedOnToolsVersion = 9.2;
						ProvisioningStyle = Automatic;
					};
				};
			};
			buildConfigurationList = 84D94851211748B9001921AC /* Build configuration list for PBXProject "RestCountries" */;
			compatibilityVersion = "Xcode 8.0";
			developmentRegion = en;
			hasScannedForEncodings = 0;
			knownRegions = (
				en,
				Base,
			);
			mainGroup = 84D9484D211748B9001921AC;
			productRefGroup = 84D94857211748B9001921AC /* Products */;
			projectDirPath = "";
			projectRoot = "";
			targets = (
				84D94855211748B9001921AC /* RestCountries */,
			);
		};
/* End PBXProject section */

/* Begin PBXResourcesBuildPhase section */
		84D94854211748B9001921AC /* Resources */ = {
			isa = PBXResourcesBuildPhase;
			buildActionMask = 2147483647;
			files = (
				84D94864211748B9001921AC /* LaunchScreen.storyboard in Resources */,
				84D94861211748B9001921AC /* Assets.xcassets in Resources */,
				84D9485F211748B9001921AC /* Main.storyboard in Resources */,
			);
			runOnlyForDeploymentPostprocessing = 0;
		};
/* End PBXResourcesBuildPhase section */

/* Begin PBXShellScriptBuildPhase section */
		6828EAE0445AACB02E1424AD /* [CP] Check Pods Manifest.lock */ = {
			isa = PBXShellScriptBuildPhase;
			buildActionMask = 2147483647;
			files = (
			);
			inputPaths = (
				"${PODS_PODFILE_DIR_PATH}/Podfile.lock",
				"${PODS_ROOT}/Manifest.lock",
			);
			name = "[CP] Check Pods Manifest.lock";
			outputPaths = (
				"$(DERIVED_FILE_DIR)/Pods-RestCountries-checkManifestLockResult.txt",
			);
			runOnlyForDeploymentPostprocessing = 0;
			shellPath = /bin/sh;
			shellScript = "diff \"${PODS_PODFILE_DIR_PATH}/Podfile.lock\" \"${PODS_ROOT}/Manifest.lock\" > /dev/null\nif [ $? != 0 ] ; then\n    # print error to STDERR\n    echo \"error: The sandbox is not in sync with the Podfile.lock. Run 'pod install' or update your CocoaPods installation.\" >&2\n    exit 1\nfi\n# This output is used by Xcode 'outputs' to avoid re-running this script phase.\necho \"SUCCESS\" > \"${SCRIPT_OUTPUT_FILE_0}\"\n";
			showEnvVarsInLog = 0;
		};
		A896F4EA1791C362081ACB6B /* [CP] Embed Pods Frameworks */ = {
			isa = PBXShellScriptBuildPhase;
			buildActionMask = 2147483647;
			files = (
			);
			inputPaths = (
				"${SRCROOT}/Pods/Target Support Files/Pods-RestCountries/Pods-RestCountries-frameworks.sh",
				"${BUILT_PRODUCTS_DIR}/CocoaLumberjack/CocoaLumberjack.framework",
				"${BUILT_PRODUCTS_DIR}/SVGKit/SVGKit.framework",
			);
			name = "[CP] Embed Pods Frameworks";
			outputPaths = (
				"${TARGET_BUILD_DIR}/${FRAMEWORKS_FOLDER_PATH}/CocoaLumberjack.framework",
				"${TARGET_BUILD_DIR}/${FRAMEWORKS_FOLDER_PATH}/SVGKit.framework",
			);
			runOnlyForDeploymentPostprocessing = 0;
			shellPath = /bin/sh;
			shellScript = "\"${SRCROOT}/Pods/Target Support Files/Pods-RestCountries/Pods-RestCountries-frameworks.sh\"\n";
			showEnvVarsInLog = 0;
		};
/* End PBXShellScriptBuildPhase section */

/* Begin PBXSourcesBuildPhase section */
		84D94852211748B9001921AC /* Sources */ = {
			isa = PBXSourcesBuildPhase;
			buildActionMask = 2147483647;
			files = (
				84C2E2BC2127865C00AAC25A /* DetailTableViewController.swift in Sources */,
				84E3BD50211A4AD500F0719C /* CountriesConsts.swift in Sources */,
				84A32F622117EDC100A475E6 /* Country.swift in Sources */,
				84F76093212B017D00438E63 /* CountriesListViewController.swift in Sources */,
				84E3BD4E211A45E600F0719C /* CountryFlagTableViewCell.swift in Sources */,
				8411145A211E046D0018FB94 /* Polygon.swift in Sources */,
				841A18CF211B2E3100AA17B6 /* CountrySearch.swift in Sources */,
				84A220BD2121C54F00804FD6 /* Helper.swift in Sources */,
				84D9485A211748B9001921AC /* AppDelegate.swift in Sources */,
				84111458211E02C80018FB94 /* MapViewController.swift in Sources */,
				8491956921222C10003951F1 /* CurrencyRate.swift in Sources */,
				84A95744212B6DE4004891D6 /* FlagTableViewCell.swift in Sources */,
			);
			runOnlyForDeploymentPostprocessing = 0;
		};
/* End PBXSourcesBuildPhase section */

/* Begin PBXVariantGroup section */
		84D9485D211748B9001921AC /* Main.storyboard */ = {
			isa = PBXVariantGroup;
			children = (
				84D9485E211748B9001921AC /* Base */,
			);
			name = Main.storyboard;
			sourceTree = "<group>";
		};
		84D94862211748B9001921AC /* LaunchScreen.storyboard */ = {
			isa = PBXVariantGroup;
			children = (
				84D94863211748B9001921AC /* Base */,
			);
			name = LaunchScreen.storyboard;
			sourceTree = "<group>";
		};
/* End PBXVariantGroup section */

/* Begin XCBuildConfiguration section */
		84D94866211748B9001921AC /* Debug */ = {
			isa = XCBuildConfiguration;
			buildSettings = {
				ALWAYS_SEARCH_USER_PATHS = NO;
				CLANG_ANALYZER_NONNULL = YES;
				CLANG_ANALYZER_NUMBER_OBJECT_CONVERSION = YES_AGGRESSIVE;
				CLANG_CXX_LANGUAGE_STANDARD = "gnu++14";
				CLANG_CXX_LIBRARY = "libc++";
				CLANG_ENABLE_MODULES = YES;
				CLANG_ENABLE_OBJC_ARC = YES;
				CLANG_WARN_BLOCK_CAPTURE_AUTORELEASING = YES;
				CLANG_WARN_BOOL_CONVERSION = YES;
				CLANG_WARN_COMMA = YES;
				CLANG_WARN_CONSTANT_CONVERSION = YES;
				CLANG_WARN_DIRECT_OBJC_ISA_USAGE = YES_ERROR;
				CLANG_WARN_DOCUMENTATION_COMMENTS = YES;
				CLANG_WARN_EMPTY_BODY = YES;
				CLANG_WARN_ENUM_CONVERSION = YES;
				CLANG_WARN_INFINITE_RECURSION = YES;
				CLANG_WARN_INT_CONVERSION = YES;
				CLANG_WARN_NON_LITERAL_NULL_CONVERSION = YES;
				CLANG_WARN_OBJC_LITERAL_CONVERSION = YES;
				CLANG_WARN_OBJC_ROOT_CLASS = YES_ERROR;
				CLANG_WARN_RANGE_LOOP_ANALYSIS = YES;
				CLANG_WARN_STRICT_PROTOTYPES = YES;
				CLANG_WARN_SUSPICIOUS_MOVE = YES;
				CLANG_WARN_UNGUARDED_AVAILABILITY = YES_AGGRESSIVE;
				CLANG_WARN_UNREACHABLE_CODE = YES;
				CLANG_WARN__DUPLICATE_METHOD_MATCH = YES;
				CODE_SIGN_IDENTITY = "iPhone Developer";
				COPY_PHASE_STRIP = NO;
				DEBUG_INFORMATION_FORMAT = dwarf;
				ENABLE_STRICT_OBJC_MSGSEND = YES;
				ENABLE_TESTABILITY = YES;
				GCC_C_LANGUAGE_STANDARD = gnu11;
				GCC_DYNAMIC_NO_PIC = NO;
				GCC_NO_COMMON_BLOCKS = YES;
				GCC_OPTIMIZATION_LEVEL = 0;
				GCC_PREPROCESSOR_DEFINITIONS = (
					"DEBUG=1",
					"$(inherited)",
				);
				GCC_WARN_64_TO_32_BIT_CONVERSION = YES;
				GCC_WARN_ABOUT_RETURN_TYPE = YES_ERROR;
				GCC_WARN_UNDECLARED_SELECTOR = YES;
				GCC_WARN_UNINITIALIZED_AUTOS = YES_AGGRESSIVE;
				GCC_WARN_UNUSED_FUNCTION = YES;
				GCC_WARN_UNUSED_VARIABLE = YES;
				IPHONEOS_DEPLOYMENT_TARGET = 11.2;
				MTL_ENABLE_DEBUG_INFO = YES;
				ONLY_ACTIVE_ARCH = YES;
				SDKROOT = iphoneos;
				SWIFT_ACTIVE_COMPILATION_CONDITIONS = DEBUG;
				SWIFT_OPTIMIZATION_LEVEL = "-Onone";
			};
			name = Debug;
		};
		84D94867211748B9001921AC /* Release */ = {
			isa = XCBuildConfiguration;
			buildSettings = {
				ALWAYS_SEARCH_USER_PATHS = NO;
				CLANG_ANALYZER_NONNULL = YES;
				CLANG_ANALYZER_NUMBER_OBJECT_CONVERSION = YES_AGGRESSIVE;
				CLANG_CXX_LANGUAGE_STANDARD = "gnu++14";
				CLANG_CXX_LIBRARY = "libc++";
				CLANG_ENABLE_MODULES = YES;
				CLANG_ENABLE_OBJC_ARC = YES;
				CLANG_WARN_BLOCK_CAPTURE_AUTORELEASING = YES;
				CLANG_WARN_BOOL_CONVERSION = YES;
				CLANG_WARN_COMMA = YES;
				CLANG_WARN_CONSTANT_CONVERSION = YES;
				CLANG_WARN_DIRECT_OBJC_ISA_USAGE = YES_ERROR;
				CLANG_WARN_DOCUMENTATION_COMMENTS = YES;
				CLANG_WARN_EMPTY_BODY = YES;
				CLANG_WARN_ENUM_CONVERSION = YES;
				CLANG_WARN_INFINITE_RECURSION = YES;
				CLANG_WARN_INT_CONVERSION = YES;
				CLANG_WARN_NON_LITERAL_NULL_CONVERSION = YES;
				CLANG_WARN_OBJC_LITERAL_CONVERSION = YES;
				CLANG_WARN_OBJC_ROOT_CLASS = YES_ERROR;
				CLANG_WARN_RANGE_LOOP_ANALYSIS = YES;
				CLANG_WARN_STRICT_PROTOTYPES = YES;
				CLANG_WARN_SUSPICIOUS_MOVE = YES;
				CLANG_WARN_UNGUARDED_AVAILABILITY = YES_AGGRESSIVE;
				CLANG_WARN_UNREACHABLE_CODE = YES;
				CLANG_WARN__DUPLICATE_METHOD_MATCH = YES;
				CODE_SIGN_IDENTITY = "iPhone Developer";
				COPY_PHASE_STRIP = NO;
				DEBUG_INFORMATION_FORMAT = "dwarf-with-dsym";
				ENABLE_NS_ASSERTIONS = NO;
				ENABLE_STRICT_OBJC_MSGSEND = YES;
				GCC_C_LANGUAGE_STANDARD = gnu11;
				GCC_NO_COMMON_BLOCKS = YES;
				GCC_WARN_64_TO_32_BIT_CONVERSION = YES;
				GCC_WARN_ABOUT_RETURN_TYPE = YES_ERROR;
				GCC_WARN_UNDECLARED_SELECTOR = YES;
				GCC_WARN_UNINITIALIZED_AUTOS = YES_AGGRESSIVE;
				GCC_WARN_UNUSED_FUNCTION = YES;
				GCC_WARN_UNUSED_VARIABLE = YES;
				IPHONEOS_DEPLOYMENT_TARGET = 11.2;
				MTL_ENABLE_DEBUG_INFO = NO;
				SDKROOT = iphoneos;
				SWIFT_OPTIMIZATION_LEVEL = "-Owholemodule";
				VALIDATE_PRODUCT = YES;
			};
			name = Release;
		};
		84D94869211748B9001921AC /* Debug */ = {
			isa = XCBuildConfiguration;
			baseConfigurationReference = 00931CA35FC2ACBFD7858DDF /* Pods-RestCountries.debug.xcconfig */;
			buildSettings = {
				ASSETCATALOG_COMPILER_APPICON_NAME = AppIcon;
				CODE_SIGN_STYLE = Automatic;
				INFOPLIST_FILE = RestCountries/Info.plist;
				LD_RUNPATH_SEARCH_PATHS = "$(inherited) @executable_path/Frameworks";
				PRODUCT_BUNDLE_IDENTIFIER = com.example.RestCountries;
				PRODUCT_NAME = "$(TARGET_NAME)";
				SWIFT_VERSION = 4.0;
				TARGETED_DEVICE_FAMILY = 1;
			};
			name = Debug;
		};
		84D9486A211748B9001921AC /* Release */ = {
			isa = XCBuildConfiguration;
			baseConfigurationReference = 18F7B1BFEC4C852559EA8ABE /* Pods-RestCountries.release.xcconfig */;
			buildSettings = {
				ASSETCATALOG_COMPILER_APPICON_NAME = AppIcon;
				CODE_SIGN_STYLE = Automatic;
				INFOPLIST_FILE = RestCountries/Info.plist;
				LD_RUNPATH_SEARCH_PATHS = "$(inherited) @executable_path/Frameworks";
				PRODUCT_BUNDLE_IDENTIFIER = com.example.RestCountries;
				PRODUCT_NAME = "$(TARGET_NAME)";
				SWIFT_VERSION = 4.0;
				TARGETED_DEVICE_FAMILY = 1;
			};
			name = Release;
		};
/* End XCBuildConfiguration section */

/* Begin XCConfigurationList section */
		84D94851211748B9001921AC /* Build configuration list for PBXProject "RestCountries" */ = {
			isa = XCConfigurationList;
			buildConfigurations = (
				84D94866211748B9001921AC /* Debug */,
				84D94867211748B9001921AC /* Release */,
			);
			defaultConfigurationIsVisible = 0;
			defaultConfigurationName = Release;
		};
		84D94868211748B9001921AC /* Build configuration list for PBXNativeTarget "RestCountries" */ = {
			isa = XCConfigurationList;
			buildConfigurations = (
				84D94869211748B9001921AC /* Debug */,
				84D9486A211748B9001921AC /* Release */,
			);
			defaultConfigurationIsVisible = 0;
			defaultConfigurationName = Release;
		};
/* End XCConfigurationList section */
	};
	rootObject = 84D9484E211748B9001921AC /* Project object */;
}
